
Microsoft Visual Studio Solution File, Format Version 12.00
# Visual Studio Version 17
VisualStudioVersion = 17.5.33530.505
MinimumVisualStudioVersion = 10.0.40219.1
Project("{9A19103F-16F7-4668-BE54-9A1E7A4F7556}") = "EmiManager.Api", "EmiManager.Api\EmiManager.Api.csproj", "{7E08A091-7876-462C-B86F-E16FBF125C86}"
EndProject
Project("{9A19103F-16F7-4668-BE54-9A1E7A4F7556}") = "EmiManager.Domain", "EmiManager.Domain\EmiManager.Domain.csproj", "{7C1D92C6-CD2B-4E23-AB73-12CA59D3F22F}"
EndProject
Project("{9A19103F-16F7-4668-BE54-9A1E7A4F7556}") = "EmiManager.DataAccess", "EmiManager.DataAccess\EmiManager.DataAccess.csproj", "{E0CD19CE-6218-4DCD-A105-0B7FA0FD6080}"
EndProject
Project("{FAE04EC0-301F-11D3-BF4B-00C04F79EFBC}") = "EmiManager.WebApp", "EmiManager.WebApp\EmiManager.WebApp.csproj", "{F495467C-00CA-4EE5-9967-07E90602924D}"
EndProject
Global
	GlobalSection(SolutionConfigurationPlatforms) = preSolution
		Debug|Any CPU = Debug|Any CPU
		Release|Any CPU = Release|Any CPU
	EndGlobalSection
	GlobalSection(ProjectConfigurationPlatforms) = postSolution
		{7E08A091-7876-462C-B86F-E16FBF125C86}.Debug|Any CPU.ActiveCfg = Debug|Any CPU
		{7E08A091-7876-462C-B86F-E16FBF125C86}.Debug|Any CPU.Build.0 = Debug|Any CPU
		{7E08A091-7876-462C-B86F-E16FBF125C86}.Release|Any CPU.ActiveCfg = Release|Any CPU
		{7E08A091-7876-462C-B86F-E16FBF125C86}.Release|Any CPU.Build.0 = Release|Any CPU
		{7C1D92C6-CD2B-4E23-AB73-12CA59D3F22F}.Debug|Any CPU.ActiveCfg = Debug|Any CPU
		{7C1D92C6-CD2B-4E23-AB73-12CA59D3F22F}.Debug|Any CPU.Build.0 = Debug|Any CPU
		{7C1D92C6-CD2B-4E23-AB73-12CA59D3F22F}.Release|Any CPU.ActiveCfg = Release|Any CPU
		{7C1D92C6-CD2B-4E23-AB73-12CA59D3F22F}.Release|Any CPU.Build.0 = Release|Any CPU
		{E0CD19CE-6218-4DCD-A105-0B7FA0FD6080}.Debug|Any CPU.ActiveCfg = Debug|Any CPU
		{E0CD19CE-6218-4DCD-A105-0B7FA0FD6080}.Debug|Any CPU.Build.0 = Debug|Any CPU
		{E0CD19CE-6218-4DCD-A105-0B7FA0FD6080}.Release|Any CPU.ActiveCfg = Release|Any CPU
		{E0CD19CE-6218-4DCD-A105-0B7FA0FD6080}.Release|Any CPU.Build.0 = Release|Any CPU
		{F495467C-00CA-4EE5-9967-07E90602924D}.Debug|Any CPU.ActiveCfg = Debug|Any CPU
		{F495467C-00CA-4EE5-9967-07E90602924D}.Debug|Any CPU.Build.0 = Debug|Any CPU
		{F495467C-00CA-4EE5-9967-07E90602924D}.Release|Any CPU.ActiveCfg = Release|Any CPU
		{F495467C-00CA-4EE5-9967-07E90602924D}.Release|Any CPU.Build.0 = Release|Any CPU
	EndGlobalSection
	GlobalSection(SolutionProperties) = preSolution
		HideSolutionNode = FALSE
	EndGlobalSection
	GlobalSection(ExtensibilityGlobals) = postSolution
		SolutionGuid = {B5ABAAC2-0AE7-4B24-B221-790673630C62}
	EndGlobalSection
EndGlobal
